
Microsoft Visual Studio Solution File, Format Version 12.00
# Visual Studio 14
VisualStudioVersion = 14.0.25420.1
MinimumVisualStudioVersion = 10.0.40219.1
Project("{2150E333-8FDC-42A3-9474-1A3956D46DE8}") = "src", "src", "{DB8FB2F4-A8B8-46CC-AB6F-44E7D73D41B8}"
EndProject
Project("{2150E333-8FDC-42A3-9474-1A3956D46DE8}") = "Solution Items", "Solution Items", "{55DBC72B-9736-4E12-9187-769B1AA4CB8D}"
	ProjectSection(SolutionItems) = preProject
		global.json = global.json
	EndProjectSection
EndProject
Project("{8BB2217D-0F2D-49D1-97BC-3654ED321F3B}") = "LanguageFeatures", "src\LanguageFeatures\LanguageFeatures.xproj", "{1E2A713F-5CC3-413F-8F46-293B4FE25115}"
EndProject
Global
	GlobalSection(SolutionConfigurationPlatforms) = preSolution
		Debug|Any CPU = Debug|Any CPU
		Release|Any CPU = Release|Any CPU
	EndGlobalSection
	GlobalSection(ProjectConfigurationPlatforms) = postSolution
		{1E2A713F-5CC3-413F-8F46-293B4FE25115}.Debug|Any CPU.ActiveCfg = Debug|Any CPU
		{1E2A713F-5CC3-413F-8F46-293B4FE25115}.Debug|Any CPU.Build.0 = Debug|Any CPU
		{1E2A713F-5CC3-413F-8F46-293B4FE25115}.Release|Any CPU.ActiveCfg = Release|Any CPU
		{1E2A713F-5CC3-413F-8F46-293B4FE25115}.Release|Any CPU.Build.0 = Release|Any CPU
	EndGlobalSection
	GlobalSection(SolutionProperties) = preSolution
		HideSolutionNode = FALSE
	EndGlobalSection
	GlobalSection(NestedProjects) = preSolution
		{1E2A713F-5CC3-413F-8F46-293B4FE25115} = {DB8FB2F4-A8B8-46CC-AB6F-44E7D73D41B8}
	EndGlobalSection
EndGlobal
