
Microsoft Visual Studio Solution File, Format Version 12.00
# Visual Studio 14
VisualStudioVersion = 14.0.25420.1
MinimumVisualStudioVersion = 10.0.40219.1
Project("{2150E333-8FDC-42A3-9474-1A3956D46DE8}") = "src", "src", "{0DD36694-4E4E-48FF-B458-0C358D713CEC}"
EndProject
Project("{2150E333-8FDC-42A3-9474-1A3956D46DE8}") = "Solution Items", "Solution Items", "{903601BC-E9F6-454F-9F98-7E78BF6F00A4}"
	ProjectSection(SolutionItems) = preProject
		global.json = global.json
	EndProjectSection
EndProject
Project("{8BB2217D-0F2D-49D1-97BC-3654ED321F3B}") = "EndangeredSpeciesApp", "src\EndangeredSpeciesApp\EndangeredSpeciesApp.xproj", "{E1C4C845-128C-460B-824C-AAEBD7231E6B}"
EndProject
Project("{2150E333-8FDC-42A3-9474-1A3956D46DE8}") = "test", "test", "{FD8D73A7-9200-4B32-AB44-409783A5071E}"
EndProject
Project("{8BB2217D-0F2D-49D1-97BC-3654ED321F3B}") = "EndangeredSpeciesApp.Tests", "test\EndangeredSpeciesApp.Tests\EndangeredSpeciesApp.Tests.xproj", "{888AF619-A545-4E94-9187-C3ABCDE8F271}"
EndProject
Global
	GlobalSection(SolutionConfigurationPlatforms) = preSolution
		Debug|Any CPU = Debug|Any CPU
		Release|Any CPU = Release|Any CPU
	EndGlobalSection
	GlobalSection(ProjectConfigurationPlatforms) = postSolution
		{E1C4C845-128C-460B-824C-AAEBD7231E6B}.Debug|Any CPU.ActiveCfg = Debug|Any CPU
		{E1C4C845-128C-460B-824C-AAEBD7231E6B}.Debug|Any CPU.Build.0 = Debug|Any CPU
		{E1C4C845-128C-460B-824C-AAEBD7231E6B}.Release|Any CPU.ActiveCfg = Release|Any CPU
		{E1C4C845-128C-460B-824C-AAEBD7231E6B}.Release|Any CPU.Build.0 = Release|Any CPU
		{888AF619-A545-4E94-9187-C3ABCDE8F271}.Debug|Any CPU.ActiveCfg = Debug|Any CPU
		{888AF619-A545-4E94-9187-C3ABCDE8F271}.Debug|Any CPU.Build.0 = Debug|Any CPU
		{888AF619-A545-4E94-9187-C3ABCDE8F271}.Release|Any CPU.ActiveCfg = Release|Any CPU
		{888AF619-A545-4E94-9187-C3ABCDE8F271}.Release|Any CPU.Build.0 = Release|Any CPU
	EndGlobalSection
	GlobalSection(SolutionProperties) = preSolution
		HideSolutionNode = FALSE
	EndGlobalSection
	GlobalSection(NestedProjects) = preSolution
		{E1C4C845-128C-460B-824C-AAEBD7231E6B} = {0DD36694-4E4E-48FF-B458-0C358D713CEC}
		{888AF619-A545-4E94-9187-C3ABCDE8F271} = {FD8D73A7-9200-4B32-AB44-409783A5071E}
	EndGlobalSection
EndGlobal
